
Microsoft Visual Studio Solution File, Format Version 12.00
Project("{FAE04EC0-301F-11D3-BF4B-00C04F79EFBC}") = "NextMoreCommand", "NextMoreCommand\NextMoreCommand.csproj", "{5F79F8EE-9BD4-4D1D-A72D-1C0115AD85C6}"
EndProject
Project("{FAE04EC0-301F-11D3-BF4B-00C04F79EFBC}") = "UnsubscribeNextMoreCommandOld", "UnsubscribeNextMoreCommandOld\UnsubscribeNextMoreCommandOld.csproj", "{0CC4D186-A8D3-4EDE-A25B-4BB9C3643CB2}"
EndProject
Project("{FAE04EC0-301F-11D3-BF4B-00C04F79EFBC}") = "BetterSeidOptimization", "BetterSeidOptimization\BetterSeidOptimization.csproj", "{44B38315-6041-462C-BDF1-3506684D7D0C}"
EndProject
Project("{FAE04EC0-301F-11D3-BF4B-00C04F79EFBC}") = "Puerts", "Puerts\Puerts.csproj", "{5D514115-E2FB-4B3B-8DDD-080DBC94B7EB}"
EndProject
Project("{FAE04EC0-301F-11D3-BF4B-00C04F79EFBC}") = "BetterAiOptimization", "BetterAiOptimization\BetterAiOptimization.csproj", "{30D3EBA1-5648-4367-A3A0-122FDBA405C3}"
EndProject
Global
	GlobalSection(SolutionConfigurationPlatforms) = preSolution
		Debug|Any CPU = Debug|Any CPU
		Release|Any CPU = Release|Any CPU
	EndGlobalSection
	GlobalSection(ProjectConfigurationPlatforms) = postSolution
		{5F79F8EE-9BD4-4D1D-A72D-1C0115AD85C6}.Debug|Any CPU.ActiveCfg = Debug|Any CPU
		{5F79F8EE-9BD4-4D1D-A72D-1C0115AD85C6}.Debug|Any CPU.Build.0 = Debug|Any CPU
		{5F79F8EE-9BD4-4D1D-A72D-1C0115AD85C6}.Release|Any CPU.ActiveCfg = Release|Any CPU
		{5F79F8EE-9BD4-4D1D-A72D-1C0115AD85C6}.Release|Any CPU.Build.0 = Release|Any CPU
		{0CC4D186-A8D3-4EDE-A25B-4BB9C3643CB2}.Debug|Any CPU.ActiveCfg = Debug|Any CPU
		{0CC4D186-A8D3-4EDE-A25B-4BB9C3643CB2}.Debug|Any CPU.Build.0 = Debug|Any CPU
		{0CC4D186-A8D3-4EDE-A25B-4BB9C3643CB2}.Release|Any CPU.ActiveCfg = Release|Any CPU
		{0CC4D186-A8D3-4EDE-A25B-4BB9C3643CB2}.Release|Any CPU.Build.0 = Release|Any CPU
		{44B38315-6041-462C-BDF1-3506684D7D0C}.Debug|Any CPU.ActiveCfg = Debug|Any CPU
		{44B38315-6041-462C-BDF1-3506684D7D0C}.Debug|Any CPU.Build.0 = Debug|Any CPU
		{44B38315-6041-462C-BDF1-3506684D7D0C}.Release|Any CPU.ActiveCfg = Release|Any CPU
		{44B38315-6041-462C-BDF1-3506684D7D0C}.Release|Any CPU.Build.0 = Release|Any CPU
		{5D514115-E2FB-4B3B-8DDD-080DBC94B7EB}.Debug|Any CPU.ActiveCfg = Debug|Any CPU
		{5D514115-E2FB-4B3B-8DDD-080DBC94B7EB}.Debug|Any CPU.Build.0 = Debug|Any CPU
		{5D514115-E2FB-4B3B-8DDD-080DBC94B7EB}.Release|Any CPU.ActiveCfg = Release|Any CPU
		{5D514115-E2FB-4B3B-8DDD-080DBC94B7EB}.Release|Any CPU.Build.0 = Release|Any CPU
		{30D3EBA1-5648-4367-A3A0-122FDBA405C3}.Debug|Any CPU.ActiveCfg = Debug|Any CPU
		{30D3EBA1-5648-4367-A3A0-122FDBA405C3}.Debug|Any CPU.Build.0 = Debug|Any CPU
		{30D3EBA1-5648-4367-A3A0-122FDBA405C3}.Release|Any CPU.ActiveCfg = Release|Any CPU
		{30D3EBA1-5648-4367-A3A0-122FDBA405C3}.Release|Any CPU.Build.0 = Release|Any CPU
	EndGlobalSection
EndGlobal
